
Microsoft Visual Studio Solution File, Format Version 12.00
# Visual Studio 2013
VisualStudioVersion = 12.0.31101.0
MinimumVisualStudioVersion = 10.0.40219.1
Project("{FAE04EC0-301F-11D3-BF4B-00C04F79EFBC}") = "JsonXslt", "JsonXslt\JsonXslt.csproj", "{B423BC29-4C22-478A-8A86-025590767E31}"
EndProject
Project("{FAE04EC0-301F-11D3-BF4B-00C04F79EFBC}") = "JsonXslt.Tests", "JsonXslt.Tests\JsonXslt.Tests.csproj", "{CF22E470-2FF6-48BC-91EF-A912CA3DFDB6}"
EndProject
Project("{FAE04EC0-301F-11D3-BF4B-00C04F79EFBC}") = "JsonXslt.HtmlExample", "JsonXslt.HtmlExample\JsonXslt.HtmlExample.csproj", "{2474AA00-5DDC-4010-B5D1-C5846C44E32D}"
EndProject
Global
	GlobalSection(SolutionConfigurationPlatforms) = preSolution
		Debug|Any CPU = Debug|Any CPU
		Release|Any CPU = Release|Any CPU
	EndGlobalSection
	GlobalSection(ProjectConfigurationPlatforms) = postSolution
		{B423BC29-4C22-478A-8A86-025590767E31}.Debug|Any CPU.ActiveCfg = Debug|Any CPU
		{B423BC29-4C22-478A-8A86-025590767E31}.Debug|Any CPU.Build.0 = Debug|Any CPU
		{B423BC29-4C22-478A-8A86-025590767E31}.Release|Any CPU.ActiveCfg = Release|Any CPU
		{B423BC29-4C22-478A-8A86-025590767E31}.Release|Any CPU.Build.0 = Release|Any CPU
		{CF22E470-2FF6-48BC-91EF-A912CA3DFDB6}.Debug|Any CPU.ActiveCfg = Debug|Any CPU
		{CF22E470-2FF6-48BC-91EF-A912CA3DFDB6}.Debug|Any CPU.Build.0 = Debug|Any CPU
		{CF22E470-2FF6-48BC-91EF-A912CA3DFDB6}.Release|Any CPU.ActiveCfg = Release|Any CPU
		{CF22E470-2FF6-48BC-91EF-A912CA3DFDB6}.Release|Any CPU.Build.0 = Release|Any CPU
		{2474AA00-5DDC-4010-B5D1-C5846C44E32D}.Debug|Any CPU.ActiveCfg = Debug|Any CPU
		{2474AA00-5DDC-4010-B5D1-C5846C44E32D}.Debug|Any CPU.Build.0 = Debug|Any CPU
		{2474AA00-5DDC-4010-B5D1-C5846C44E32D}.Release|Any CPU.ActiveCfg = Release|Any CPU
		{2474AA00-5DDC-4010-B5D1-C5846C44E32D}.Release|Any CPU.Build.0 = Release|Any CPU
	EndGlobalSection
	GlobalSection(SolutionProperties) = preSolution
		HideSolutionNode = FALSE
	EndGlobalSection
EndGlobal
